
Microsoft Visual Studio Solution File, Format Version 12.00
# Visual Studio Version 17
VisualStudioVersion = 17.6.33801.468
MinimumVisualStudioVersion = 10.0.40219.1
Project("{8BC9CEB8-8B4A-11D0-8D11-00A0C91BC942}") = "Snake", "Snake\Snake.vcxproj", "{BB6A6FAE-A0D7-4DFB-A28E-398A8CAA7BEC}"
EndProject
Global
	GlobalSection(SolutionConfigurationPlatforms) = preSolution
		Debug|x64 = Debug|x64
		Debug|x86 = Debug|x86
		Release|x64 = Release|x64
		Release|x86 = Release|x86
	EndGlobalSection
	GlobalSection(ProjectConfigurationPlatforms) = postSolution
		{BB6A6FAE-A0D7-4DFB-A28E-398A8CAA7BEC}.Debug|x64.ActiveCfg = Debug|x64
		{BB6A6FAE-A0D7-4DFB-A28E-398A8CAA7BEC}.Debug|x64.Build.0 = Debug|x64
		{BB6A6FAE-A0D7-4DFB-A28E-398A8CAA7BEC}.Debug|x86.ActiveCfg = Debug|Win32
		{BB6A6FAE-A0D7-4DFB-A28E-398A8CAA7BEC}.Debug|x86.Build.0 = Debug|Win32
		{BB6A6FAE-A0D7-4DFB-A28E-398A8CAA7BEC}.Release|x64.ActiveCfg = Release|x64
		{BB6A6FAE-A0D7-4DFB-A28E-398A8CAA7BEC}.Release|x64.Build.0 = Release|x64
		{BB6A6FAE-A0D7-4DFB-A28E-398A8CAA7BEC}.Release|x86.ActiveCfg = Release|Win32
		{BB6A6FAE-A0D7-4DFB-A28E-398A8CAA7BEC}.Release|x86.Build.0 = Release|Win32
	EndGlobalSection
	GlobalSection(SolutionProperties) = preSolution
		HideSolutionNode = FALSE
	EndGlobalSection
	GlobalSection(ExtensibilityGlobals) = postSolution
		SolutionGuid = {D1A342D7-3768-4C08-9174-994F15230167}
	EndGlobalSection
EndGlobal
